
Microsoft Visual Studio Solution File, Format Version 12.00
# Visual Studio 15
VisualStudioVersion = 15.0.26730.16
MinimumVisualStudioVersion = 10.0.40219.1
Project("{FAE04EC0-301F-11D3-BF4B-00C04F79EFBC}") = "AlternatingCombine", "AlternatingCombine\AlternatingCombine.csproj", "{DE825F75-0F66-4301-BF7D-569AD7C0C78C}"
EndProject
Project("{FAE04EC0-301F-11D3-BF4B-00C04F79EFBC}") = "AlternatingCombineTests", "AlternatingCombineTests\AlternatingCombineTests.csproj", "{CEA8F850-CB12-4886-8C94-9D0B27444325}"
EndProject
Global
	GlobalSection(SolutionConfigurationPlatforms) = preSolution
		Debug|Any CPU = Debug|Any CPU
		Release|Any CPU = Release|Any CPU
	EndGlobalSection
	GlobalSection(ProjectConfigurationPlatforms) = postSolution
		{DE825F75-0F66-4301-BF7D-569AD7C0C78C}.Debug|Any CPU.ActiveCfg = Debug|Any CPU
		{DE825F75-0F66-4301-BF7D-569AD7C0C78C}.Debug|Any CPU.Build.0 = Debug|Any CPU
		{DE825F75-0F66-4301-BF7D-569AD7C0C78C}.Release|Any CPU.ActiveCfg = Release|Any CPU
		{DE825F75-0F66-4301-BF7D-569AD7C0C78C}.Release|Any CPU.Build.0 = Release|Any CPU
		{CEA8F850-CB12-4886-8C94-9D0B27444325}.Debug|Any CPU.ActiveCfg = Debug|Any CPU
		{CEA8F850-CB12-4886-8C94-9D0B27444325}.Debug|Any CPU.Build.0 = Debug|Any CPU
		{CEA8F850-CB12-4886-8C94-9D0B27444325}.Release|Any CPU.ActiveCfg = Release|Any CPU
		{CEA8F850-CB12-4886-8C94-9D0B27444325}.Release|Any CPU.Build.0 = Release|Any CPU
	EndGlobalSection
	GlobalSection(SolutionProperties) = preSolution
		HideSolutionNode = FALSE
	EndGlobalSection
	GlobalSection(ExtensibilityGlobals) = postSolution
		SolutionGuid = {02430135-E3A1-4F3C-ACF3-4EDAE9CE5A28}
	EndGlobalSection
EndGlobal
